
Microsoft Visual Studio Solution File, Format Version 12.00
# Visual Studio Version 16
VisualStudioVersion = 16.0.30011.22
MinimumVisualStudioVersion = 10.0.40219.1
Project("{9A19103F-16F7-4668-BE54-9A1E7A4F7556}") = "bookingsApp", "bookingsApp.csproj", "{FAF7411E-FC8D-4A9B-922B-5EF8393F28EC}"
EndProject
Global
	GlobalSection(SolutionConfigurationPlatforms) = preSolution
		Debug|Any CPU = Debug|Any CPU
		Release|Any CPU = Release|Any CPU
	EndGlobalSection
	GlobalSection(ProjectConfigurationPlatforms) = postSolution
		{FAF7411E-FC8D-4A9B-922B-5EF8393F28EC}.Debug|Any CPU.ActiveCfg = Debug|Any CPU
		{FAF7411E-FC8D-4A9B-922B-5EF8393F28EC}.Debug|Any CPU.Build.0 = Debug|Any CPU
		{FAF7411E-FC8D-4A9B-922B-5EF8393F28EC}.Release|Any CPU.ActiveCfg = Release|Any CPU
		{FAF7411E-FC8D-4A9B-922B-5EF8393F28EC}.Release|Any CPU.Build.0 = Release|Any CPU
	EndGlobalSection
	GlobalSection(SolutionProperties) = preSolution
		HideSolutionNode = FALSE
	EndGlobalSection
	GlobalSection(ExtensibilityGlobals) = postSolution
		SolutionGuid = {95360325-6DB6-4A53-AA6E-69FB5B79ACC0}
	EndGlobalSection
EndGlobal
